
Microsoft Visual Studio Solution File, Format Version 12.00
# Visual Studio Version 17
VisualStudioVersion = 17.14.36408.4 d17.14
MinimumVisualStudioVersion = 10.0.40219.1
Project("{FAE04EC0-301F-11D3-BF4B-00C04F79EFBC}") = "StajerManager", "StajerManager\StajerManager.csproj", "{47E24D93-021C-4299-A749-A0B8540A1E47}"
EndProject
Global
	GlobalSection(SolutionConfigurationPlatforms) = preSolution
		Debug|Any CPU = Debug|Any CPU
		Release|Any CPU = Release|Any CPU
	EndGlobalSection
	GlobalSection(ProjectConfigurationPlatforms) = postSolution
		{47E24D93-021C-4299-A749-A0B8540A1E47}.Debug|Any CPU.ActiveCfg = Debug|Any CPU
		{47E24D93-021C-4299-A749-A0B8540A1E47}.Debug|Any CPU.Build.0 = Debug|Any CPU
		{47E24D93-021C-4299-A749-A0B8540A1E47}.Release|Any CPU.ActiveCfg = Release|Any CPU
		{47E24D93-021C-4299-A749-A0B8540A1E47}.Release|Any CPU.Build.0 = Release|Any CPU
	EndGlobalSection
	GlobalSection(SolutionProperties) = preSolution
		HideSolutionNode = FALSE
	EndGlobalSection
	GlobalSection(ExtensibilityGlobals) = postSolution
		SolutionGuid = {0B1FA2C9-BEAB-4B3E-B783-E411B0920412}
	EndGlobalSection
EndGlobal
